
Microsoft Visual Studio Solution File, Format Version 12.00
# Visual Studio Version 17
VisualStudioVersion = 17.5.33424.131
MinimumVisualStudioVersion = 10.0.40219.1
Project("{FAE04EC0-301F-11D3-BF4B-00C04F79EFBC}") = "ClientsMVVM", "ClientsMVVM\ClientsMVVM.csproj", "{3EF81589-CC20-47DD-B524-FB496023879B}"
EndProject
Global
	GlobalSection(SolutionConfigurationPlatforms) = preSolution
		Debug|Any CPU = Debug|Any CPU
		Release|Any CPU = Release|Any CPU
	EndGlobalSection
	GlobalSection(ProjectConfigurationPlatforms) = postSolution
		{3EF81589-CC20-47DD-B524-FB496023879B}.Debug|Any CPU.ActiveCfg = Debug|Any CPU
		{3EF81589-CC20-47DD-B524-FB496023879B}.Debug|Any CPU.Build.0 = Debug|Any CPU
		{3EF81589-CC20-47DD-B524-FB496023879B}.Release|Any CPU.ActiveCfg = Release|Any CPU
		{3EF81589-CC20-47DD-B524-FB496023879B}.Release|Any CPU.Build.0 = Release|Any CPU
	EndGlobalSection
	GlobalSection(SolutionProperties) = preSolution
		HideSolutionNode = FALSE
	EndGlobalSection
	GlobalSection(ExtensibilityGlobals) = postSolution
		SolutionGuid = {862623CC-21F7-4871-902A-DBB03C0F1E61}
	EndGlobalSection
EndGlobal
